
Microsoft Visual Studio Solution File, Format Version 12.00
# Visual Studio 2012
Project("{8BC9CEB8-8B4A-11D0-8D11-00A0C91BC942}") = "Test2", "Test2\Test2.vcxproj", "{7028E884-20A8-4BC6-995A-CF971FFC5098}"
EndProject
Global
	GlobalSection(SolutionConfigurationPlatforms) = preSolution
		Debug|Win32 = Debug|Win32
		Release|Win32 = Release|Win32
	EndGlobalSection
	GlobalSection(ProjectConfigurationPlatforms) = postSolution
		{7028E884-20A8-4BC6-995A-CF971FFC5098}.Debug|Win32.ActiveCfg = Debug|Win32
		{7028E884-20A8-4BC6-995A-CF971FFC5098}.Debug|Win32.Build.0 = Debug|Win32
		{7028E884-20A8-4BC6-995A-CF971FFC5098}.Release|Win32.ActiveCfg = Release|Win32
		{7028E884-20A8-4BC6-995A-CF971FFC5098}.Release|Win32.Build.0 = Release|Win32
	EndGlobalSection
	GlobalSection(SolutionProperties) = preSolution
		HideSolutionNode = FALSE
	EndGlobalSection
EndGlobal
